
Microsoft Visual Studio Solution File, Format Version 12.00
# Visual Studio 14
VisualStudioVersion = 14.0.25123.0
MinimumVisualStudioVersion = 10.0.40219.1
Project("{F184B08F-C81C-45F6-A57F-5ABD9991F28F}") = "ExpsesTracking(RK)", "ExpsesTracking(RK)\ExpsesTracking(RK).vbproj", "{64E67400-66EA-4F91-89B6-95E79AE6A7E3}"
EndProject
Project("{2150E333-8FDC-42A3-9474-1A3956D46DE8}") = "Solution Items", "Solution Items", "{EF553495-DEFD-46B8-8CBA-3CE2C4C55C6C}"
	ProjectSection(SolutionItems) = preProject
		..\HMS.accdb = ..\HMS.accdb
	EndProjectSection
EndProject
Global
	GlobalSection(SolutionConfigurationPlatforms) = preSolution
		Debug|Any CPU = Debug|Any CPU
		Release|Any CPU = Release|Any CPU
	EndGlobalSection
	GlobalSection(ProjectConfigurationPlatforms) = postSolution
		{64E67400-66EA-4F91-89B6-95E79AE6A7E3}.Debug|Any CPU.ActiveCfg = Debug|Any CPU
		{64E67400-66EA-4F91-89B6-95E79AE6A7E3}.Debug|Any CPU.Build.0 = Debug|Any CPU
		{64E67400-66EA-4F91-89B6-95E79AE6A7E3}.Release|Any CPU.ActiveCfg = Release|Any CPU
		{64E67400-66EA-4F91-89B6-95E79AE6A7E3}.Release|Any CPU.Build.0 = Release|Any CPU
	EndGlobalSection
	GlobalSection(SolutionProperties) = preSolution
		HideSolutionNode = FALSE
	EndGlobalSection
EndGlobal
