
Microsoft Visual Studio Solution File, Format Version 12.00
# Visual Studio 14
VisualStudioVersion = 14.0.25123.0
MinimumVisualStudioVersion = 10.0.40219.1
Project("{F184B08F-C81C-45F6-A57F-5ABD9991F28F}") = "Notification", "Notification\Notification.vbproj", "{4EEC1C85-0DBA-47A9-912F-E4522BF656CE}"
EndProject
Project("{2150E333-8FDC-42A3-9474-1A3956D46DE8}") = "Solution Items", "Solution Items", "{52B0609A-9A96-46C0-987C-AE1F4B7A2451}"
	ProjectSection(SolutionItems) = preProject
		..\..\HouseholdManagementSystems\HMS.accdb = ..\..\HouseholdManagementSystems\HMS.accdb
	EndProjectSection
EndProject
Global
	GlobalSection(SolutionConfigurationPlatforms) = preSolution
		Debug|Any CPU = Debug|Any CPU
		Release|Any CPU = Release|Any CPU
	EndGlobalSection
	GlobalSection(ProjectConfigurationPlatforms) = postSolution
		{4EEC1C85-0DBA-47A9-912F-E4522BF656CE}.Debug|Any CPU.ActiveCfg = Debug|Any CPU
		{4EEC1C85-0DBA-47A9-912F-E4522BF656CE}.Debug|Any CPU.Build.0 = Debug|Any CPU
		{4EEC1C85-0DBA-47A9-912F-E4522BF656CE}.Release|Any CPU.ActiveCfg = Release|Any CPU
		{4EEC1C85-0DBA-47A9-912F-E4522BF656CE}.Release|Any CPU.Build.0 = Release|Any CPU
	EndGlobalSection
	GlobalSection(SolutionProperties) = preSolution
		HideSolutionNode = FALSE
	EndGlobalSection
EndGlobal
